
Microsoft Visual Studio Solution File, Format Version 12.00
Project("{FAE04EC0-301F-11D3-BF4B-00C04F79EFBC}") = "Alice au pays des bug", "Alice au pays des bug\Alice au pays des bug.csproj", "{11EFF2B8-1B8F-4C91-BAD2-291AD318F043}"
EndProject
Global
	GlobalSection(SolutionConfigurationPlatforms) = preSolution
		Debug|Any CPU = Debug|Any CPU
		Release|Any CPU = Release|Any CPU
	EndGlobalSection
	GlobalSection(ProjectConfigurationPlatforms) = postSolution
		{11EFF2B8-1B8F-4C91-BAD2-291AD318F043}.Debug|Any CPU.ActiveCfg = Debug|Any CPU
		{11EFF2B8-1B8F-4C91-BAD2-291AD318F043}.Debug|Any CPU.Build.0 = Debug|Any CPU
		{11EFF2B8-1B8F-4C91-BAD2-291AD318F043}.Release|Any CPU.ActiveCfg = Release|Any CPU
		{11EFF2B8-1B8F-4C91-BAD2-291AD318F043}.Release|Any CPU.Build.0 = Release|Any CPU
	EndGlobalSection
EndGlobal
